dependencies:
- name: redis
  repository: https://kubernetes-charts.storage.googleapis.com/
  version: 9.5.0
- name: minio
  repository: https://kubernetes-charts.storage.googleapis.com/
  version: 2.5.17
digest: sha256:63b0c257c00575f4d0092853ec4d5be578912bd2c68ff9fcf254696c3d12f0e1
generated: "2019-11-11T09:54:13.8296343-08:00"
